
Microsoft Visual Studio Solution File, Format Version 12.00
# Visual Studio 14
VisualStudioVersion = 14.0.25420.1
MinimumVisualStudioVersion = 10.0.40219.1
Project("{2150E333-8FDC-42A3-9474-1A3956D46DE8}") = "src", "src", "{8A541DC6-F555-4D17-87AC-16D63C95A3C4}"
EndProject
Project("{2150E333-8FDC-42A3-9474-1A3956D46DE8}") = "Solution Items", "Solution Items", "{72E19AAF-2EAF-4E01-8720-591896F87E03}"
	ProjectSection(SolutionItems) = preProject
		global.json = global.json
		NuGet.config = NuGet.config
	EndProjectSection
EndProject
Project("{8BB2217D-0F2D-49D1-97BC-3654ED321F3B}") = "AdminPortal", "src\AdminPortal\AdminPortal.xproj", "{EF9A0247-CA98-4A07-BF30-75683B26EB86}"
EndProject
Project("{8BB2217D-0F2D-49D1-97BC-3654ED321F3B}") = "AdminPortal.UnitTests", "test\AdminPortal.UnitTests\AdminPortal.UnitTests.xproj", "{7CD43195-5043-4D80-A495-FF826C2AA87E}"
EndProject
Project("{8BB2217D-0F2D-49D1-97BC-3654ED321F3B}") = "AdminPortal.BusinessServices", "src\AdminPortal.BusinessServices\AdminPortal.BusinessServices.xproj", "{643162E9-1D5D-4942-9684-49C79806D729}"
EndProject
Project("{2150E333-8FDC-42A3-9474-1A3956D46DE8}") = "Tools", "Tools", "{D1C7C943-FFD4-4753-8437-EBD75BFBD40A}"
EndProject
Project("{FAE04EC0-301F-11D3-BF4B-00C04F79EFBC}") = "Deployment", "..\Deployment\Deployment.csproj", "{7C04F13F-198B-4BA0-BEFB-63455925CE91}"
EndProject
Project("{FAE04EC0-301F-11D3-BF4B-00C04F79EFBC}") = "Build", "..\Build\Build.csproj", "{E34303EC-C855-4A18-BE80-700B729DCF12}"
EndProject
Project("{2150E333-8FDC-42A3-9474-1A3956D46DE8}") = "test", "test", "{29091EB1-6CD1-4902-954D-E94648A4198A}"
EndProject
Global
	GlobalSection(SolutionConfigurationPlatforms) = preSolution
		Debug|Any CPU = Debug|Any CPU
		Release|Any CPU = Release|Any CPU
	EndGlobalSection
	GlobalSection(ProjectConfigurationPlatforms) = postSolution
		{EF9A0247-CA98-4A07-BF30-75683B26EB86}.Debug|Any CPU.ActiveCfg = Debug|Any CPU
		{EF9A0247-CA98-4A07-BF30-75683B26EB86}.Debug|Any CPU.Build.0 = Debug|Any CPU
		{EF9A0247-CA98-4A07-BF30-75683B26EB86}.Release|Any CPU.ActiveCfg = Release|Any CPU
		{EF9A0247-CA98-4A07-BF30-75683B26EB86}.Release|Any CPU.Build.0 = Release|Any CPU
		{7CD43195-5043-4D80-A495-FF826C2AA87E}.Debug|Any CPU.ActiveCfg = Debug|Any CPU
		{7CD43195-5043-4D80-A495-FF826C2AA87E}.Debug|Any CPU.Build.0 = Debug|Any CPU
		{7CD43195-5043-4D80-A495-FF826C2AA87E}.Release|Any CPU.ActiveCfg = Release|Any CPU
		{7CD43195-5043-4D80-A495-FF826C2AA87E}.Release|Any CPU.Build.0 = Release|Any CPU
		{643162E9-1D5D-4942-9684-49C79806D729}.Debug|Any CPU.ActiveCfg = Debug|Any CPU
		{643162E9-1D5D-4942-9684-49C79806D729}.Debug|Any CPU.Build.0 = Debug|Any CPU
		{643162E9-1D5D-4942-9684-49C79806D729}.Release|Any CPU.ActiveCfg = Release|Any CPU
		{643162E9-1D5D-4942-9684-49C79806D729}.Release|Any CPU.Build.0 = Release|Any CPU
		{7C04F13F-198B-4BA0-BEFB-63455925CE91}.Debug|Any CPU.ActiveCfg = Debug|Any CPU
		{7C04F13F-198B-4BA0-BEFB-63455925CE91}.Debug|Any CPU.Build.0 = Debug|Any CPU
		{7C04F13F-198B-4BA0-BEFB-63455925CE91}.Release|Any CPU.ActiveCfg = Release|Any CPU
		{7C04F13F-198B-4BA0-BEFB-63455925CE91}.Release|Any CPU.Build.0 = Release|Any CPU
		{E34303EC-C855-4A18-BE80-700B729DCF12}.Debug|Any CPU.ActiveCfg = Debug|Any CPU
		{E34303EC-C855-4A18-BE80-700B729DCF12}.Debug|Any CPU.Build.0 = Debug|Any CPU
		{E34303EC-C855-4A18-BE80-700B729DCF12}.Release|Any CPU.ActiveCfg = Release|Any CPU
		{E34303EC-C855-4A18-BE80-700B729DCF12}.Release|Any CPU.Build.0 = Release|Any CPU
	EndGlobalSection
	GlobalSection(SolutionProperties) = preSolution
		HideSolutionNode = FALSE
	EndGlobalSection
	GlobalSection(NestedProjects) = preSolution
		{EF9A0247-CA98-4A07-BF30-75683B26EB86} = {8A541DC6-F555-4D17-87AC-16D63C95A3C4}
		{7CD43195-5043-4D80-A495-FF826C2AA87E} = {29091EB1-6CD1-4902-954D-E94648A4198A}
		{643162E9-1D5D-4942-9684-49C79806D729} = {8A541DC6-F555-4D17-87AC-16D63C95A3C4}
		{7C04F13F-198B-4BA0-BEFB-63455925CE91} = {D1C7C943-FFD4-4753-8437-EBD75BFBD40A}
		{E34303EC-C855-4A18-BE80-700B729DCF12} = {D1C7C943-FFD4-4753-8437-EBD75BFBD40A}
	EndGlobalSection
EndGlobal
